
Microsoft Visual Studio Solution File, Format Version 12.00
# Visual Studio Version 17
VisualStudioVersion = 17.11.35222.181
MinimumVisualStudioVersion = 10.0.40219.1
Project("{FAE04EC0-301F-11D3-BF4B-00C04F79EFBC}") = "Calc", "Calc.csproj", "{F7EA53F6-99F5-4B62-BAAE-0C85F40443C7}"
EndProject
Global
	GlobalSection(SolutionConfigurationPlatforms) = preSolution
		Debug|Any CPU = Debug|Any CPU
		Release|Any CPU = Release|Any CPU
	EndGlobalSection
	GlobalSection(ProjectConfigurationPlatforms) = postSolution
		{F7EA53F6-99F5-4B62-BAAE-0C85F40443C7}.Debug|Any CPU.ActiveCfg = Debug|Any CPU
		{F7EA53F6-99F5-4B62-BAAE-0C85F40443C7}.Debug|Any CPU.Build.0 = Debug|Any CPU
		{F7EA53F6-99F5-4B62-BAAE-0C85F40443C7}.Release|Any CPU.ActiveCfg = Release|Any CPU
		{F7EA53F6-99F5-4B62-BAAE-0C85F40443C7}.Release|Any CPU.Build.0 = Release|Any CPU
	EndGlobalSection
	GlobalSection(SolutionProperties) = preSolution
		HideSolutionNode = FALSE
	EndGlobalSection
	GlobalSection(ExtensibilityGlobals) = postSolution
		SolutionGuid = {F526514D-24A9-4170-BE82-73CB86F253BD}
	EndGlobalSection
EndGlobal
